
Microsoft Visual Studio Solution File, Format Version 12.00
# Visual Studio Version 16
VisualStudioVersion = 16.0.29519.181
MinimumVisualStudioVersion = 10.0.40219.1
Project("{9A19103F-16F7-4668-BE54-9A1E7A4F7556}") = "OnlineStoreApi", "OnlineStoreApi.csproj", "{04ED024B-C641-474D-929E-CD4CF4931B1D}"
EndProject
Global
	GlobalSection(SolutionConfigurationPlatforms) = preSolution
		Debug|Any CPU = Debug|Any CPU
		Release|Any CPU = Release|Any CPU
	EndGlobalSection
	GlobalSection(ProjectConfigurationPlatforms) = postSolution
		{04ED024B-C641-474D-929E-CD4CF4931B1D}.Debug|Any CPU.ActiveCfg = Debug|Any CPU
		{04ED024B-C641-474D-929E-CD4CF4931B1D}.Debug|Any CPU.Build.0 = Debug|Any CPU
		{04ED024B-C641-474D-929E-CD4CF4931B1D}.Release|Any CPU.ActiveCfg = Release|Any CPU
		{04ED024B-C641-474D-929E-CD4CF4931B1D}.Release|Any CPU.Build.0 = Release|Any CPU
	EndGlobalSection
	GlobalSection(SolutionProperties) = preSolution
		HideSolutionNode = FALSE
	EndGlobalSection
	GlobalSection(ExtensibilityGlobals) = postSolution
		SolutionGuid = {84259BC9-AA8F-4005-8484-077B89559433}
	EndGlobalSection
EndGlobal
